{
    "name": "BBBEM",
    "version": "0.0.1",
    "lockfileVersion": 1,
    "requires": true,
    "dependencies": {
        "accepts": {
            "version": "1.0.2",
            "resolved": "https://registry.npmjs.org/accepts/-/accepts-1.0.2.tgz",
            "integrity": "sha1-liZqzhtMA/ljdCjzrK/okZWfOIM=",
            "requires": {
                "mime": "~1.2.11",
                "negotiator": "0.4.5"
            }
        },
        "amdefine": {
            "version": "1.0.1",
            "resolved": "https://registry.npmjs.org/amdefine/-/amdefine-1.0.1.tgz",
            "integrity": "sha1-SlKCrBZHKek2Gbz9OtFR+BfOkfU="
        },
        "argparse": {
            "version": "0.1.16",
            "resolved": "https://registry.npmjs.org/argparse/-/argparse-0.1.16.tgz",
            "integrity": "sha1-z9AeD7uj1srtBJ+9dY1A9lGW9Xw=",
            "requires": {
                "underscore": "~1.7.0",
                "underscore.string": "~2.4.0"
            },
            "dependencies": {
                "underscore": {
                    "version": "1.7.0",
                    "resolved": "https://registry.npmjs.org/underscore/-/underscore-1.7.0.tgz",
                    "integrity": "sha1-a7rwh3UA02vjTsqlhODbn+8DUgk="
                }
            }
        },
        "async": {
            "version": "0.2.10",
            "resolved": "https://registry.npmjs.org/async/-/async-0.2.10.tgz",
            "integrity": "sha1-trvgsGdLnXGXCMo43owjfLUmw9E="
        },
        "backbone": {
            "version": "1.1.2",
            "resolved": "https://registry.npmjs.org/backbone/-/backbone-1.1.2.tgz",
            "integrity": "sha1-wsBMZr+HJo+4LBd6zr7/fTe6by0=",
            "requires": {
                "underscore": ">=1.5.0"
            }
        },
        "basic-auth-connect": {
            "version": "1.0.0",
            "resolved": "https://registry.npmjs.org/basic-auth-connect/-/basic-auth-connect-1.0.0.tgz",
            "integrity": "sha1-/bC0OWLKe0BFanwrtI/hc9otISI="
        },
        "batch": {
            "version": "0.5.0",
            "resolved": "https://registry.npmjs.org/batch/-/batch-0.5.0.tgz",
            "integrity": "sha1-/S4Fp6XWlrTbkxQBPihdj/NVfsM="
        },
        "bem-bl": {
            "version": "git://github.com/bem/bem-bl.git#9e5578a9dbb234ec0ea12cf7aaefc05fcfd07444",
            "from": "git://github.com/bem/bem-bl.git#v2.3.2",
            "requires": {
                "bem-environ": "~1.4.0",
                "dom-js": "~0.0.9",
                "escodegen": "~1.2.0",
                "esprima": "~1.0.4",
                "estraverse": "~1.5.0",
                "ometajs": "~3.3.5",
                "xjst": "~0.5.19"
            },
            "dependencies": {
                "bem-environ": {
                    "version": "1.4.0",
                    "resolved": "https://registry.npmjs.org/bem-environ/-/bem-environ-1.4.0.tgz",
                    "integrity": "sha1-2U1tEUcOXXWl46Ar9mi7LDn6cy0="
                },
                "dom-js": {
                    "version": "0.0.9",
                    "resolved": "https://registry.npmjs.org/dom-js/-/dom-js-0.0.9.tgz",
                    "integrity": "sha1-LW3WwhGvAY8APzDt9WiPHvhvFac=",
                    "requires": {
                        "sax": ">=0.1.5"
                    },
                    "dependencies": {
                        "sax": {
                            "version": "0.6.0",
                            "resolved": "https://registry.npmjs.org/sax/-/sax-0.6.0.tgz",
                            "integrity": "sha1-ehVVGbcS4+xW8QKrmE8V4V04WfA="
                        }
                    }
                },
                "escodegen": {
                    "version": "1.2.0",
                    "resolved": "https://registry.npmjs.org/escodegen/-/escodegen-1.2.0.tgz",
                    "integrity": "sha1-Cd55Z3kcyVi3+Jot220jRRrzJ+E=",
                    "requires": {
                        "esprima": "~1.0.4",
                        "estraverse": "~1.5.0",
                        "esutils": "~1.0.0",
                        "source-map": "~0.1.30"
                    },
                    "dependencies": {
                        "esutils": {
                            "version": "1.0.0",
                            "resolved": "https://registry.npmjs.org/esutils/-/esutils-1.0.0.tgz",
                            "integrity": "sha1-gVHTWOIMisx/t0XnRywAJf5JZXA="
                        },
                        "source-map": {
                            "version": "0.1.33",
                            "resolved": "https://registry.npmjs.org/source-map/-/source-map-0.1.33.tgz",
                            "integrity": "sha1-xlkpenOvGMBzsKoufMkeMWtcVww=",
                            "optional": true,
                            "requires": {
                                "amdefine": ">=0.0.4"
                            },
                            "dependencies": {
                                "amdefine": {
                                    "version": "0.1.0",
                                    "resolved": "https://registry.npmjs.org/amdefine/-/amdefine-0.1.0.tgz",
                                    "integrity": "sha1-PKlzXPHd4O33pL9mQXCcgCT5sic=",
                                    "optional": true
                                }
                            }
                        }
                    }
                },
                "esprima": {
                    "version": "1.0.4",
                    "resolved": "https://registry.npmjs.org/esprima/-/esprima-1.0.4.tgz",
                    "integrity": "sha1-n1V+CPw7TSbs6d00+Pv0drYlha0="
                },
                "estraverse": {
                    "version": "1.5.0",
                    "resolved": "https://registry.npmjs.org/estraverse/-/estraverse-1.5.0.tgz",
                    "integrity": "sha1-JI7D8NS/OalAEJySoFzrVtWeU+4="
                },
                "ometajs": {
                    "version": "3.3.5",
                    "resolved": "https://registry.npmjs.org/ometajs/-/ometajs-3.3.5.tgz",
                    "integrity": "sha1-57Ho5xRDal+Ikw6JuXtHT4UzcIk=",
                    "requires": {
                        "coa": "0.3.x",
                        "q": "0.8.x",
                        "uglify-js": "1.3.x"
                    },
                    "dependencies": {
                        "coa": {
                            "version": "0.3.9",
                            "resolved": "https://registry.npmjs.org/coa/-/coa-0.3.9.tgz",
                            "integrity": "sha1-fj0g0wr3C4CGLpXU1JtxUYO+lgQ=",
                            "requires": {
                                "q": "~0.8.10"
                            }
                        },
                        "q": {
                            "version": "0.8.12",
                            "resolved": "https://registry.npmjs.org/q/-/q-0.8.12.tgz",
                            "integrity": "sha1-kWKpHhGBnEvNp9oVz1/vqtB3iCM="
                        },
                        "uglify-js": {
                            "version": "1.3.5",
                            "resolved": "https://registry.npmjs.org/uglify-js/-/uglify-js-1.3.5.tgz",
                            "integrity": "sha1-S1v/+Rhu/7qoiOTJ6UvZ/EyUkp0="
                        }
                    }
                }
            }
        },
        "body-parser": {
            "version": "1.3.0",
            "resolved": "https://registry.npmjs.org/body-parser/-/body-parser-1.3.0.tgz",
            "integrity": "sha1-GmUcuZk6AaZVMa44OVzrAZndfjw=",
            "requires": {
                "bytes": "1.0.0",
                "qs": "0.6.6",
                "raw-body": "1.1.6",
                "type-is": "1.2.0"
            },
            "dependencies": {
                "qs": {
                    "version": "0.6.6",
                    "resolved": "https://registry.npmjs.org/qs/-/qs-0.6.6.tgz",
                    "integrity": "sha1-bgFQmP9RlouKPIGQAdXyyJvEsQc="
                }
            }
        },
        "bootstrap": {
            "version": "3.4.1",
            "resolved": "https://registry.npmjs.org/bootstrap/-/bootstrap-3.4.1.tgz",
            "integrity": "sha512-yN5oZVmRCwe5aKwzRj6736nSmKDX7pLYwsXiCj/EYmo16hODaBiT4En5btW/jhBF/seV+XMx3aYwukYC3A49DA=="
        },
        "borschik": {
            "version": "1.0.0",
            "resolved": "https://registry.npmjs.org/borschik/-/borschik-1.0.0.tgz",
            "integrity": "sha1-EQkA0hDS/HETMaY+JhmOMR1XoQ8=",
            "requires": {
                "coa": "0.4.0",
                "csso": "1.3.11",
                "inherit": "2.2.1",
                "minimatch": "0.2.14",
                "uglify-js": "2.4.13",
                "vow": "0.3.12",
                "vow-fs": "0.2.3"
            },
            "dependencies": {
                "inherit": {
                    "version": "2.2.1",
                    "resolved": "https://registry.npmjs.org/inherit/-/inherit-2.2.1.tgz",
                    "integrity": "sha1-NC+/ruYSjHIMRn3ZwawoK71qJSM="
                },
                "minimatch": {
                    "version": "0.2.14",
                    "resolved": "https://registry.npmjs.org/minimatch/-/minimatch-0.2.14.tgz",
                    "integrity": "sha1-x054BXT2PG+aCQ6Q775u9TpqdWo=",
                    "requires": {
                        "lru-cache": "2",
                        "sigmund": "~1.0.0"
                    }
                },
                "optimist": {
                    "version": "0.3.7",
                    "resolved": "https://registry.npmjs.org/optimist/-/optimist-0.3.7.tgz",
                    "integrity": "sha1-yQlBrVnkJzMokjB00s8ufLxuwNk=",
                    "requires": {
                        "wordwrap": "~0.0.2"
                    }
                },
                "uglify-js": {
                    "version": "2.4.13",
                    "resolved": "https://registry.npmjs.org/uglify-js/-/uglify-js-2.4.13.tgz",
                    "integrity": "sha1-GN68nm7Pwg2xpeoDX4OdQ2pgWro=",
                    "requires": {
                        "async": "~0.2.6",
                        "optimist": "~0.3.5",
                        "source-map": "~0.1.33",
                        "uglify-to-browserify": "~1.0.0"
                    }
                },
                "vow": {
                    "version": "0.3.12",
                    "resolved": "https://registry.npmjs.org/vow/-/vow-0.3.12.tgz",
                    "integrity": "sha1-ymMYheLIv6TVrjjaoSX49x83mQM="
                }
            }
        },
        "buffer-crc32": {
            "version": "0.2.1",
            "resolved": "https://registry.npmjs.org/buffer-crc32/-/buffer-crc32-0.2.1.tgz",
            "integrity": "sha1-vj5TgvwCttYySVasGvmKqYsIU0w="
        },
        "bytes": {
            "version": "1.0.0",
            "resolved": "https://registry.npmjs.org/bytes/-/bytes-1.0.0.tgz",
            "integrity": "sha1-NWnt6Lo0MV+rmcPpLLBMciDeH6g="
        },
        "coa": {
            "version": "0.4.0",
            "resolved": "https://registry.npmjs.org/coa/-/coa-0.4.0.tgz",
            "integrity": "sha1-JSvBvpdArxXYJuSQ6LE5PC/ioGI=",
            "requires": {
                "q": "~0.9.6"
            },
            "dependencies": {
                "q": {
                    "version": "0.9.7",
                    "resolved": "https://registry.npmjs.org/q/-/q-0.9.7.tgz",
                    "integrity": "sha1-TeLmyzspCIyeTLwDv51C+5bOL3U="
                }
            }
        },
        "commander": {
            "version": "1.1.1",
            "resolved": "https://registry.npmjs.org/commander/-/commander-1.1.1.tgz",
            "integrity": "sha1-UNFlGGiuYOzP8KLZ80WVN2vGsEE=",
            "requires": {
                "keypress": "0.1.x"
            }
        },
        "compressible": {
            "version": "1.0.1",
            "resolved": "https://registry.npmjs.org/compressible/-/compressible-1.0.1.tgz",
            "integrity": "sha1-jtgiSCLGDDyNq8rTTpE+0pUq0XA="
        },
        "compression": {
            "version": "1.0.3",
            "resolved": "https://registry.npmjs.org/compression/-/compression-1.0.3.tgz",
            "integrity": "sha1-Q3AFgFPSlALy/2MSKW2edEY+mQE=",
            "requires": {
                "accepts": "1.0.2",
                "bytes": "1.0.0",
                "compressible": "1.0.1",
                "on-headers": "0.0.0"
            }
        },
        "connect": {
            "version": "2.19.1",
            "resolved": "https://registry.npmjs.org/connect/-/connect-2.19.1.tgz",
            "integrity": "sha1-qilvHWWovdVmHbJ3ja5Mh4ThaXw=",
            "requires": {
                "basic-auth-connect": "1.0.0",
                "body-parser": "1.3.0",
                "bytes": "1.0.0",
                "compression": "1.0.3",
                "connect-timeout": "1.1.0",
                "cookie": "0.1.2",
                "cookie-parser": "1.1.0",
                "cookie-signature": "1.0.3",
                "csurf": "1.2.0",
                "debug": ">= 0.8.0 < 1",
                "errorhandler": "1.0.1",
                "escape-html": "1.0.1",
                "express-session": "1.2.1",
                "fresh": "0.2.2",
                "method-override": "2.0.1",
                "morgan": "1.1.1",
                "multiparty": "3.2.8",
                "on-headers": "0.0.0",
                "parseurl": "1.0.1",
                "pause": "0.0.1",
                "qs": "0.6.6",
                "response-time": "2.0.0",
                "serve-favicon": "2.0.0",
                "serve-index": "1.1.0",
                "serve-static": "1.2.1",
                "type-is": "1.2.0",
                "vhost": "1.0.0"
            },
            "dependencies": {
                "qs": {
                    "version": "0.6.6",
                    "resolved": "https://registry.npmjs.org/qs/-/qs-0.6.6.tgz",
                    "integrity": "sha1-bgFQmP9RlouKPIGQAdXyyJvEsQc="
                }
            }
        },
        "connect-timeout": {
            "version": "1.1.0",
            "resolved": "https://registry.npmjs.org/connect-timeout/-/connect-timeout-1.1.0.tgz",
            "integrity": "sha1-/IBhX8els4Y70DGa8kkdLX/cXwU=",
            "requires": {
                "debug": "0.8.1"
            }
        },
        "cookie": {
            "version": "0.1.2",
            "resolved": "https://registry.npmjs.org/cookie/-/cookie-0.1.2.tgz",
            "integrity": "sha1-cv7D0k5Io0Mgc9kMEmQgBQYQBLE="
        },
        "cookie-parser": {
            "version": "1.1.0",
            "resolved": "https://registry.npmjs.org/cookie-parser/-/cookie-parser-1.1.0.tgz",
            "integrity": "sha1-L4JlqjtVczqF7vIH8OJTDD6M9wU=",
            "requires": {
                "cookie": "0.1.2",
                "cookie-signature": "1.0.3"
            }
        },
        "cookie-signature": {
            "version": "1.0.3",
            "resolved": "https://registry.npmjs.org/cookie-signature/-/cookie-signature-1.0.3.tgz",
            "integrity": "sha1-kc2ZfMUftkFZVzjGnNoCAyj1D/k="
        },
        "core-util-is": {
            "version": "1.0.2",
            "resolved": "https://registry.npmjs.org/core-util-is/-/core-util-is-1.0.2.tgz",
            "integrity": "sha1-tf1UIgqivFq1eqtxQMlAdUUDwac="
        },
        "csso": {
            "version": "1.3.11",
            "resolved": "https://registry.npmjs.org/csso/-/csso-1.3.11.tgz",
            "integrity": "sha1-HymaslQ6g9TFrPya4EdjGGktbpA="
        },
        "cssom": {
            "version": "0.2.5",
            "resolved": "https://registry.npmjs.org/cssom/-/cssom-0.2.5.tgz",
            "integrity": "sha1-JoJwm1kC5yEt9SkRb/eIzVslSJQ="
        },
        "csurf": {
            "version": "1.2.0",
            "resolved": "https://registry.npmjs.org/csurf/-/csurf-1.2.0.tgz",
            "integrity": "sha1-VtHR6SGkAn5q34f1HnBrglx0qxM=",
            "requires": {
                "scmp": "~0.0.3",
                "uid2": "~0.0.2"
            }
        },
        "debug": {
            "version": "0.8.1",
            "resolved": "https://registry.npmjs.org/debug/-/debug-0.8.1.tgz",
            "integrity": "sha1-IP9NJvXkIstoobrLu2EDmtjBwTA="
        },
        "dom-js": {
            "version": "0.0.9",
            "resolved": "https://registry.npmjs.org/dom-js/-/dom-js-0.0.9.tgz",
            "integrity": "sha1-LW3WwhGvAY8APzDt9WiPHvhvFac=",
            "requires": {
                "sax": ">=0.1.5"
            }
        },
        "enb": {
            "version": "0.13.5",
            "resolved": "https://registry.npmjs.org/enb/-/enb-0.13.5.tgz",
            "integrity": "sha1-zJsbEDB0Mcyr+CiCGMATCOCQqZw=",
            "requires": {
                "borschik": "1.0.0",
                "commander": "1.1.1",
                "connect": "2.19.1",
                "dom-js": "0.0.9",
                "inherit": "~2.1.0",
                "js-yaml": "2.1.0",
                "mad": ">=0.4.0",
                "madify": ">=0.0.1",
                "mime": "1.2.9",
                "puml-link": "0.0.1",
                "send": "0.4.1",
                "sibling": ">=0.0.3",
                "stylus": "0.40.x",
                "vow": "~0.3.9",
                "vow-fs": "~0.2.2"
            },
            "dependencies": {
                "js-yaml": {
                    "version": "2.1.0",
                    "resolved": "https://registry.npmjs.org/js-yaml/-/js-yaml-2.1.0.tgz",
                    "integrity": "sha1-pVpuRwawHQYyYlmm9L/ELmrjix8=",
                    "requires": {
                        "argparse": "~ 0.1.11",
                        "esprima": "~ 1.0.2"
                    }
                },
                "mime": {
                    "version": "1.2.9",
                    "resolved": "https://registry.npmjs.org/mime/-/mime-1.2.9.tgz",
                    "integrity": "sha1-AJzUCGe9Nd5SGzuWbwTi+NTRPQk="
                }
            }
        },
        "errorhandler": {
            "version": "1.0.1",
            "resolved": "https://registry.npmjs.org/errorhandler/-/errorhandler-1.0.1.tgz",
            "integrity": "sha1-ta391wNr8s1+uvrXovsttmUtp6c="
        },
        "escape-html": {
            "version": "1.0.1",
            "resolved": "https://registry.npmjs.org/escape-html/-/escape-html-1.0.1.tgz",
            "integrity": "sha1-GBoobq05ejmpKFfPsdQwUuNWv/A="
        },
        "escodegen": {
            "version": "0.0.28",
            "resolved": "https://registry.npmjs.org/escodegen/-/escodegen-0.0.28.tgz",
            "integrity": "sha1-Dk/xcV8yh3XWyrUaxEpAbNer/9M=",
            "requires": {
                "esprima": "~1.0.2",
                "estraverse": "~1.3.0",
                "source-map": ">= 0.1.2"
            },
            "dependencies": {
                "estraverse": {
                    "version": "1.3.2",
                    "resolved": "https://registry.npmjs.org/estraverse/-/estraverse-1.3.2.tgz",
                    "integrity": "sha1-N8K4k+8T1yPydth41g2FNRUqbEI="
                }
            }
        },
        "esprima": {
            "version": "1.0.4",
            "resolved": "https://registry.npmjs.org/esprima/-/esprima-1.0.4.tgz",
            "integrity": "sha1-n1V+CPw7TSbs6d00+Pv0drYlha0="
        },
        "estraverse": {
            "version": "0.0.4",
            "resolved": "https://registry.npmjs.org/estraverse/-/estraverse-0.0.4.tgz",
            "integrity": "sha1-AaCTLf7ldGhKWYr1pnw7+bZCjbI="
        },
        "express-session": {
            "version": "1.2.1",
            "resolved": "https://registry.npmjs.org/express-session/-/express-session-1.2.1.tgz",
            "integrity": "sha1-J0GhZh6zpKF6fbCkgEn78FV05GU=",
            "requires": {
                "buffer-crc32": "0.2.1",
                "cookie": "0.1.2",
                "cookie-signature": "1.0.3",
                "debug": "0.8.1",
                "on-headers": "0.0.0",
                "uid2": "0.0.3",
                "utils-merge": "1.0.0"
            }
        },
        "finished": {
            "version": "1.1.4",
            "resolved": "https://registry.npmjs.org/finished/-/finished-1.1.4.tgz",
            "integrity": "sha1-Tbn+IPkgvMwucSb/qEF1yPystdk="
        },
        "fresh": {
            "version": "0.2.2",
            "resolved": "https://registry.npmjs.org/fresh/-/fresh-0.2.2.tgz",
            "integrity": "sha1-lzHc9WeMf660T7kDxPct9VGH+nc="
        },
        "inherit": {
            "version": "2.1.0",
            "resolved": "https://registry.npmjs.org/inherit/-/inherit-2.1.0.tgz",
            "integrity": "sha1-FZrPe5q1dyah4UheVFGO4S2vVfM="
        },
        "inherits": {
            "version": "2.0.4",
            "resolved": "https://registry.npmjs.org/inherits/-/inherits-2.0.4.tgz",
            "integrity": "sha512-k/vGaX4/Yla3WzyMCvTQOXYeIHvqOKtnqBduzTHpzpQZzAskKMhZ2K+EnBiSM9zGSoIFeMpXKxa4dYeZIQqewQ=="
        },
        "isarray": {
            "version": "0.0.1",
            "resolved": "https://registry.npmjs.org/isarray/-/isarray-0.0.1.tgz",
            "integrity": "sha1-ihis/Kmo9Bd+Cav8YDiTmwXR7t8="
        },
        "jquery": {
            "version": "3.4.1",
            "resolved": "https://registry.npmjs.org/jquery/-/jquery-3.4.1.tgz",
            "integrity": "sha512-36+AdBzCL+y6qjw5Tx7HgzeGCzC81MDDgaUP8ld2zhx58HdqXGoBd+tHdrBMiyjGQs0Hxs/MLZTu/eHNJJuWPw=="
        },
        "keypress": {
            "version": "0.1.0",
            "resolved": "https://registry.npmjs.org/keypress/-/keypress-0.1.0.tgz",
            "integrity": "sha1-SjGI1CkbZrT2XtuZ+AaqmuKTWSo="
        },
        "lru-cache": {
            "version": "2.5.2",
            "resolved": "https://registry.npmjs.org/lru-cache/-/lru-cache-2.5.2.tgz",
            "integrity": "sha1-H92tk4quEmPOE4aAvhs/WRwKtBw="
        },
        "mad": {
            "version": "0.4.0",
            "resolved": "https://registry.npmjs.org/mad/-/mad-0.4.0.tgz",
            "integrity": "sha1-UQQcCFJpJkPVaPie7K3rffRKOYs="
        },
        "madify": {
            "version": "0.0.1",
            "resolved": "https://registry.npmjs.org/madify/-/madify-0.0.1.tgz",
            "integrity": "sha1-j+QQ2oIvAieqx89jHv/1hq8VzzI="
        },
        "method-override": {
            "version": "2.0.1",
            "resolved": "https://registry.npmjs.org/method-override/-/method-override-2.0.1.tgz",
            "integrity": "sha1-gQRJEJjdLCFz4B0AnDcF4KNcNK8=",
            "requires": {
                "methods": "1.0.1",
                "parseurl": "1.0.1"
            }
        },
        "methods": {
            "version": "1.0.1",
            "resolved": "https://registry.npmjs.org/methods/-/methods-1.0.1.tgz",
            "integrity": "sha1-dbyRlD3/19oDfPPusO1zoAN80Us="
        },
        "mime": {
            "version": "1.2.11",
            "resolved": "https://registry.npmjs.org/mime/-/mime-1.2.11.tgz",
            "integrity": "sha1-WCA+7Ybjpe8XrtK32evUfwpg3RA="
        },
        "mkdirp": {
            "version": "0.3.5",
            "resolved": "https://registry.npmjs.org/mkdirp/-/mkdirp-0.3.5.tgz",
            "integrity": "sha1-3j5fiWHIjHh+4TaN+EmsRBPsqNc="
        },
        "morgan": {
            "version": "1.1.1",
            "resolved": "https://registry.npmjs.org/morgan/-/morgan-1.1.1.tgz",
            "integrity": "sha1-zeRdLoB+vMQ5dFhG6oA5LmkJgUY=",
            "requires": {
                "bytes": "1.0.0"
            }
        },
        "multiparty": {
            "version": "3.2.8",
            "resolved": "https://registry.npmjs.org/multiparty/-/multiparty-3.2.8.tgz",
            "integrity": "sha1-veITAdrSlChuFVsrYHEMauBK5k8=",
            "requires": {
                "readable-stream": "~1.1.9",
                "stream-counter": "~0.2.0"
            },
            "dependencies": {
                "readable-stream": {
                    "version": "1.1.14",
                    "resolved": "https://registry.npmjs.org/readable-stream/-/readable-stream-1.1.14.tgz",
                    "integrity": "sha1-fPTFTvZI44EwhMY23SB54WbAgdk=",
                    "requires": {
                        "core-util-is": "~1.0.0",
                        "inherits": "~2.0.1",
                        "isarray": "0.0.1",
                        "string_decoder": "~0.10.x"
                    }
                }
            }
        },
        "negotiator": {
            "version": "0.4.5",
            "resolved": "https://registry.npmjs.org/negotiator/-/negotiator-0.4.5.tgz",
            "integrity": "sha1-DnOOsiXjoWbufWnrz9xwK6I2p3s="
        },
        "ometajs": {
            "version": "3.3.8",
            "resolved": "https://registry.npmjs.org/ometajs/-/ometajs-3.3.8.tgz",
            "integrity": "sha1-iJcY3yFr8Ix01cFE+7dtqRoFgUU=",
            "requires": {
                "coa": "0.3.x",
                "q": "0.8.x",
                "uglify-js": "1.3.x"
            },
            "dependencies": {
                "coa": {
                    "version": "0.3.9",
                    "resolved": "https://registry.npmjs.org/coa/-/coa-0.3.9.tgz",
                    "integrity": "sha1-fj0g0wr3C4CGLpXU1JtxUYO+lgQ=",
                    "requires": {
                        "q": "~0.8.10"
                    }
                },
                "q": {
                    "version": "0.8.12",
                    "resolved": "https://registry.npmjs.org/q/-/q-0.8.12.tgz",
                    "integrity": "sha1-kWKpHhGBnEvNp9oVz1/vqtB3iCM="
                },
                "uglify-js": {
                    "version": "1.3.5",
                    "resolved": "https://registry.npmjs.org/uglify-js/-/uglify-js-1.3.5.tgz",
                    "integrity": "sha1-S1v/+Rhu/7qoiOTJ6UvZ/EyUkp0="
                }
            }
        },
        "on-headers": {
            "version": "0.0.0",
            "resolved": "https://registry.npmjs.org/on-headers/-/on-headers-0.0.0.tgz",
            "integrity": "sha1-7igX+DRDJXhc2cLfKyQrvBfK9MQ="
        },
        "parseurl": {
            "version": "1.0.1",
            "resolved": "https://registry.npmjs.org/parseurl/-/parseurl-1.0.1.tgz",
            "integrity": "sha1-Llfc5u/dN8NRhwEDCUTCK/OIt7Q="
        },
        "pause": {
            "version": "0.0.1",
            "resolved": "https://registry.npmjs.org/pause/-/pause-0.0.1.tgz",
            "integrity": "sha1-HUCLP9t2kjuVQ9lvtMnf1TXZy10="
        },
        "puml-link": {
            "version": "0.0.1",
            "resolved": "https://registry.npmjs.org/puml-link/-/puml-link-0.0.1.tgz",
            "integrity": "sha1-SSzUBo/Qw4zV6tPRSIUtTlay9Mc="
        },
        "range-parser": {
            "version": "1.0.3",
            "resolved": "https://registry.npmjs.org/range-parser/-/range-parser-1.0.3.tgz",
            "integrity": "sha1-aHKCNTXGkuLCoBA4Jq/YLC4P8XU="
        },
        "raw-body": {
            "version": "1.1.6",
            "resolved": "https://registry.npmjs.org/raw-body/-/raw-body-1.1.6.tgz",
            "integrity": "sha1-mOnfmn4t+ZSTG3zbSyprlpSnTwI=",
            "requires": {
                "bytes": "1"
            }
        },
        "response-time": {
            "version": "2.0.0",
            "resolved": "https://registry.npmjs.org/response-time/-/response-time-2.0.0.tgz",
            "integrity": "sha1-Zcs5/VDeL0/9vdKF8YVZZr1vyzY=",
            "requires": {
                "on-headers": "0.0.0"
            }
        },
        "sax": {
            "version": "1.2.4",
            "resolved": "https://registry.npmjs.org/sax/-/sax-1.2.4.tgz",
            "integrity": "sha512-NqVDv9TpANUjFm0N8uM5GxL36UgKi9/atZw+x7YFnQ8ckwFGKrl4xX4yWtrey3UJm5nP1kUbnYgLopqWNSRhWw=="
        },
        "scmp": {
            "version": "0.0.3",
            "resolved": "https://registry.npmjs.org/scmp/-/scmp-0.0.3.tgz",
            "integrity": "sha1-NkjfLXKUZB5/eGc//CloHZutkHM="
        },
        "send": {
            "version": "0.4.1",
            "resolved": "https://registry.npmjs.org/send/-/send-0.4.1.tgz",
            "integrity": "sha1-bppdQcucD7NRQiZEb6MZrtRtQz0=",
            "requires": {
                "debug": "0.8.1",
                "finished": "1.1.4",
                "fresh": "~0.2.1",
                "mime": "1.2.11",
                "range-parser": "~1.0.0"
            }
        },
        "serve-favicon": {
            "version": "2.0.0",
            "resolved": "https://registry.npmjs.org/serve-favicon/-/serve-favicon-2.0.0.tgz",
            "integrity": "sha1-XYyCVpWRTheXTNG/TmCbbPfpkjs=",
            "requires": {
                "fresh": "0.2.2"
            }
        },
        "serve-index": {
            "version": "1.1.0",
            "resolved": "https://registry.npmjs.org/serve-index/-/serve-index-1.1.0.tgz",
            "integrity": "sha1-SEOyLXjq5RQGrbj6Nww3O5SZUB0=",
            "requires": {
                "accepts": "1.0.2",
                "batch": "0.5.0"
            }
        },
        "serve-static": {
            "version": "1.2.1",
            "resolved": "https://registry.npmjs.org/serve-static/-/serve-static-1.2.1.tgz",
            "integrity": "sha1-qACp3iPb0f+xJY7bmGEo7kpOoD0=",
            "requires": {
                "escape-html": "1.0.1",
                "parseurl": "1.0.1",
                "send": "0.4.1"
            }
        },
        "sibling": {
            "version": "0.1.3",
            "resolved": "https://registry.npmjs.org/sibling/-/sibling-0.1.3.tgz",
            "integrity": "sha1-68XVG3JTIg8Iu1c3vm61D9vToTE=",
            "requires": {
                "inherit": "~2.1.0",
                "vow": "~0.4.1"
            },
            "dependencies": {
                "vow": {
                    "version": "0.4.20",
                    "resolved": "https://registry.npmjs.org/vow/-/vow-0.4.20.tgz",
                    "integrity": "sha512-YYoSYXUYABqY08D/WrjcWJxJSErcILRRTQpcPyUc0SFfgIPKSUFzVt7u1HC3TXGJZM/qhsSjCLNQstxqf7asgQ=="
                }
            }
        },
        "sigmund": {
            "version": "1.0.1",
            "resolved": "https://registry.npmjs.org/sigmund/-/sigmund-1.0.1.tgz",
            "integrity": "sha1-P/IfGYytIXX587eBhT/ZTQ0ZtZA="
        },
        "source-map": {
            "version": "0.1.43",
            "resolved": "https://registry.npmjs.org/source-map/-/source-map-0.1.43.tgz",
            "integrity": "sha1-wkvBRspRfBRx9drL4lcbK3+eM0Y=",
            "requires": {
                "amdefine": ">=0.0.4"
            }
        },
        "spoon": {
            "version": "0.1.10",
            "resolved": "https://registry.npmjs.org/spoon/-/spoon-0.1.10.tgz",
            "integrity": "sha1-cxWr9rc3X221onYamyZkefl8HJM=",
            "requires": {
                "escodegen": "~0.0.15",
                "esprima": "~1.0.2",
                "estraverse": "~0.0.4"
            }
        },
        "stream-counter": {
            "version": "0.2.0",
            "resolved": "https://registry.npmjs.org/stream-counter/-/stream-counter-0.2.0.tgz",
            "integrity": "sha1-3tJmVWMZyLDiIoErnPOyb6fZR94=",
            "requires": {
                "readable-stream": "~1.1.8"
            },
            "dependencies": {
                "readable-stream": {
                    "version": "1.1.14",
                    "resolved": "https://registry.npmjs.org/readable-stream/-/readable-stream-1.1.14.tgz",
                    "integrity": "sha1-fPTFTvZI44EwhMY23SB54WbAgdk=",
                    "requires": {
                        "core-util-is": "~1.0.0",
                        "inherits": "~2.0.1",
                        "isarray": "0.0.1",
                        "string_decoder": "~0.10.x"
                    }
                }
            }
        },
        "string_decoder": {
            "version": "0.10.31",
            "resolved": "https://registry.npmjs.org/string_decoder/-/string_decoder-0.10.31.tgz",
            "integrity": "sha1-YuIDvEF2bGwoyfyEMB2rHFMQ+pQ="
        },
        "stylus": {
            "version": "0.40.3",
            "resolved": "https://registry.npmjs.org/stylus/-/stylus-0.40.3.tgz",
            "integrity": "sha1-F+VmJ069blbyOoko+jhibEJg3tM=",
            "requires": {
                "cssom": "0.2.x",
                "debug": "*",
                "mkdirp": "0.3.x",
                "sax": "0.5.x"
            },
            "dependencies": {
                "sax": {
                    "version": "0.5.8",
                    "resolved": "https://registry.npmjs.org/sax/-/sax-0.5.8.tgz",
                    "integrity": "sha1-1HLbIo6zMcJQaw6MFVJK25OdEsE="
                }
            }
        },
        "type-is": {
            "version": "1.2.0",
            "resolved": "https://registry.npmjs.org/type-is/-/type-is-1.2.0.tgz",
            "integrity": "sha1-qaqj8gFIUNSBNmP2xxTPYxgZUTg=",
            "requires": {
                "mime": "1.2.11"
            }
        },
        "uglify-to-browserify": {
            "version": "1.0.2",
            "resolved": "https://registry.npmjs.org/uglify-to-browserify/-/uglify-to-browserify-1.0.2.tgz",
            "integrity": "sha1-bgkk1r2mta/jSeOabWMoUKD4grc="
        },
        "uid2": {
            "version": "0.0.3",
            "resolved": "https://registry.npmjs.org/uid2/-/uid2-0.0.3.tgz",
            "integrity": "sha1-SDEm4Rd03y9xuLY53NeZw3YWK4I="
        },
        "underscore": {
            "version": "1.9.2",
            "resolved": "https://registry.npmjs.org/underscore/-/underscore-1.9.2.tgz",
            "integrity": "sha512-D39qtimx0c1fI3ya1Lnhk3E9nONswSKhnffBI0gME9C99fYOkNi04xs8K6pePLhvl1frbDemkaBQ5ikWllR2HQ=="
        },
        "underscore.string": {
            "version": "2.4.0",
            "resolved": "https://registry.npmjs.org/underscore.string/-/underscore.string-2.4.0.tgz",
            "integrity": "sha1-jN2PusTi0uoefi6Al8QvRCKA+Fs="
        },
        "utils-merge": {
            "version": "1.0.0",
            "resolved": "https://registry.npmjs.org/utils-merge/-/utils-merge-1.0.0.tgz",
            "integrity": "sha1-ApT7kiu5N1FTVBxPcJYjHyh8ivg="
        },
        "vhost": {
            "version": "1.0.0",
            "resolved": "https://registry.npmjs.org/vhost/-/vhost-1.0.0.tgz",
            "integrity": "sha1-ZUUT8omk+Jiqt0W71jPkAYDJxMA="
        },
        "vow": {
            "version": "0.3.13",
            "resolved": "https://registry.npmjs.org/vow/-/vow-0.3.13.tgz",
            "integrity": "sha1-NyDqrcrtneUO5cG8r2EDORMUB/4="
        },
        "vow-fs": {
            "version": "0.2.3",
            "resolved": "https://registry.npmjs.org/vow-fs/-/vow-fs-0.2.3.tgz",
            "integrity": "sha1-rIyULDAXX5EhDwIC08J3MKCtn74=",
            "requires": {
                "node-uuid": "1.4.0",
                "vow-queue": "0.0.2"
            },
            "dependencies": {
                "node-uuid": {
                    "version": "1.4.0",
                    "resolved": "https://registry.npmjs.org/node-uuid/-/node-uuid-1.4.0.tgz",
                    "integrity": "sha1-B/myM3Vy/2J1x3Xh1IUT86RdemU="
                }
            }
        },
        "vow-queue": {
            "version": "0.0.2",
            "resolved": "https://registry.npmjs.org/vow-queue/-/vow-queue-0.0.2.tgz",
            "integrity": "sha1-3rps/CqC1gYdEOs6EvrWOo5rtk0="
        },
        "wordwrap": {
            "version": "0.0.3",
            "resolved": "https://registry.npmjs.org/wordwrap/-/wordwrap-0.0.3.tgz",
            "integrity": "sha1-o9XabNXAvAAI03I0u68b7WMFkQc="
        },
        "xjst": {
            "version": "0.5.25",
            "resolved": "https://registry.npmjs.org/xjst/-/xjst-0.5.25.tgz",
            "integrity": "sha1-4FDOBBTHibw346uGRcApJrq0mv0=",
            "requires": {
                "coa": "~ 0.3.8",
                "ometajs": "~ 3.3.4",
                "q": "~ 0.8.10",
                "spoon": "~0.1.10",
                "uglify-js": "1.3.x"
            },
            "dependencies": {
                "coa": {
                    "version": "0.3.9",
                    "resolved": "https://registry.npmjs.org/coa/-/coa-0.3.9.tgz",
                    "integrity": "sha1-fj0g0wr3C4CGLpXU1JtxUYO+lgQ=",
                    "requires": {
                        "q": "~0.8.10"
                    }
                },
                "q": {
                    "version": "0.8.12",
                    "resolved": "https://registry.npmjs.org/q/-/q-0.8.12.tgz",
                    "integrity": "sha1-kWKpHhGBnEvNp9oVz1/vqtB3iCM="
                },
                "uglify-js": {
                    "version": "1.3.5",
                    "resolved": "https://registry.npmjs.org/uglify-js/-/uglify-js-1.3.5.tgz",
                    "integrity": "sha1-S1v/+Rhu/7qoiOTJ6UvZ/EyUkp0="
                }
            }
        },
        "ym": {
            "version": "git://github.com/ymaps/modules.git#4c73c8a82aca12f3ab390085bbb8f44166f45797",
            "from": "git://github.com/ymaps/modules.git"
        }
    }
}
